// !$*UTF8*$!
{
	archiveVersion = 1;
	classes = {
	};
	objectVersion = 46;
	objects = {

/* Begin PBXBuildFile section */
		106C9EBA1DFDB0D000F078C6 /* API.swift in Sources */ = {isa = PBXBuildFile; fileRef = 106C9EB91DFDB0D000F078C6 /* API.swift */; };
		106C9EE21DFDE9FB00F078C6 /* Constants.swift in Sources */ = {isa = PBXBuildFile; fileRef = 106C9EE11DFDE9FB00F078C6 /* Constants.swift */; };
		108ADD4F1E0999D4007C7878 /* UIViewOutline.swift in Sources */ = {isa = PBXBuildFile; fileRef = 108ADD4E1E0999D4007C7878 /* UIViewOutline.swift */; };
		108B1A531E0A56680011B43B /* UIImageRounded.swift in Sources */ = {isa = PBXBuildFile; fileRef = 108B1A521E0A56680011B43B /* UIImageRounded.swift */; };
		10CE86861DFB070100DB6374 /* AppDelegate.swift in Sources */ = {isa = PBXBuildFile; fileRef = 10CE86851DFB070100DB6374 /* AppDelegate.swift */; };
		10CE868D1DFB070100DB6374 /* Assets.xcassets in Resources */ = {isa = PBXBuildFile; fileRef = 10CE868C1DFB070100DB6374 /* Assets.xcassets */; };
		10CE86901DFB070100DB6374 /* LaunchScreen.storyboard in Resources */ = {isa = PBXBuildFile; fileRef = 10CE868E1DFB070100DB6374 /* LaunchScreen.storyboard */; };
		10CE869E1DFB2C0F00DB6374 /* bnt_oblique.ttf in Resources */ = {isa = PBXBuildFile; fileRef = 10CE869C1DFB2C0F00DB6374 /* bnt_oblique.ttf */; };
		10CE869F1DFB2C0F00DB6374 /* bnt.ttf in Resources */ = {isa = PBXBuildFile; fileRef = 10CE869D1DFB2C0F00DB6374 /* bnt.ttf */; };
		303568C71E268D6900170F48 /* NavigationVC.swift in Sources */ = {isa = PBXBuildFile; fileRef = 303568C61E268D6900170F48 /* NavigationVC.swift */; };
		303568C91E27D9B700170F48 /* HeroesVC.swift in Sources */ = {isa = PBXBuildFile; fileRef = 303568C81E27D9B700170F48 /* HeroesVC.swift */; };
		303568CD1E27DD0B00170F48 /* HeroesCell.swift in Sources */ = {isa = PBXBuildFile; fileRef = 303568CC1E27DD0B00170F48 /* HeroesCell.swift */; };
		303568D51E29493300170F48 /* PlayerSearchVC.swift in Sources */ = {isa = PBXBuildFile; fileRef = 303568D41E29493300170F48 /* PlayerSearchVC.swift */; };
		303568D71E294D5400170F48 /* PlayerInfoVC.swift in Sources */ = {isa = PBXBuildFile; fileRef = 303568D61E294D5400170F48 /* PlayerInfoVC.swift */; };
		303568DD1E2954B300170F48 /* PlayerModel.swift in Sources */ = {isa = PBXBuildFile; fileRef = 303568DC1E2954B300170F48 /* PlayerModel.swift */; };
		30B7D9401E3117260019CAC3 /* UITableViewOutline.swift in Sources */ = {isa = PBXBuildFile; fileRef = 30B7D93F1E3117260019CAC3 /* UITableViewOutline.swift */; };
		30F565A41E313C61007AD109 /* AchievementCell.swift in Sources */ = {isa = PBXBuildFile; fileRef = 30F565A31E313C61007AD109 /* AchievementCell.swift */; };
		5BC36987D478BA96EE5775A8 /* Pods_overwatchcompendium.framework in Frameworks */ = {isa = PBXBuildFile; fileRef = CD78001302387A3FF15C8AF2 /* Pods_overwatchcompendium.framework */; };
		7B3EB3AF1E3196FA0013657A /* ColorProgressView.swift in Sources */ = {isa = PBXBuildFile; fileRef = 7B3EB3AE1E3196FA0013657A /* ColorProgressView.swift */; };
		7B3EB3B11E31972C0013657A /* CustomLblTitle.swift in Sources */ = {isa = PBXBuildFile; fileRef = 7B3EB3B01E31972C0013657A /* CustomLblTitle.swift */; };
		7B3EB3B31E3197870013657A /* RoundedCorner.swift in Sources */ = {isa = PBXBuildFile; fileRef = 7B3EB3B21E3197870013657A /* RoundedCorner.swift */; };
		7B3EB3B51E3199C70013657A /* UIViewRoundedEdge.swift in Sources */ = {isa = PBXBuildFile; fileRef = 7B3EB3B41E3199C70013657A /* UIViewRoundedEdge.swift */; };
		7B77D4941E2860D100C11594 /* HeroDetailVC.swift in Sources */ = {isa = PBXBuildFile; fileRef = 7B77D4931E2860D100C11594 /* HeroDetailVC.swift */; };
		7B7BA0DE1E304F6B005779AB /* CheckConnectionVC.swift in Sources */ = {isa = PBXBuildFile; fileRef = 7B7BA0DD1E304F6B005779AB /* CheckConnectionVC.swift */; };
		7B7BA0E01E30660F005779AB /* HeroTVCell.swift in Sources */ = {isa = PBXBuildFile; fileRef = 7B7BA0DF1E30660F005779AB /* HeroTVCell.swift */; };
		95F940ED1E7B824300B93E19 /* Hero.storyboard in Resources */ = {isa = PBXBuildFile; fileRef = 95F940EC1E7B824300B93E19 /* Hero.storyboard */; };
/* End PBXBuildFile section */

/* Begin PBXFileReference section */
		106C9EB91DFDB0D000F078C6 /* API.swift */ = {isa = PBXFileReference; fileEncoding = 4; lastKnownFileType = sourcecode.swift; path = API.swift; sourceTree = "<group>"; };
		106C9EE11DFDE9FB00F078C6 /* Constants.swift */ = {isa = PBXFileReference; fileEncoding = 4; lastKnownFileType = sourcecode.swift; path = Constants.swift; sourceTree = "<group>"; };
		108ADD4E1E0999D4007C7878 /* UIViewOutline.swift */ = {isa = PBXFileReference; fileEncoding = 4; lastKnownFileType = sourcecode.swift; path = UIViewOutline.swift; sourceTree = "<group>"; };
		108B1A521E0A56680011B43B /* UIImageRounded.swift */ = {isa = PBXFileReference; fileEncoding = 4; lastKnownFileType = sourcecode.swift; path = UIImageRounded.swift; sourceTree = "<group>"; };
		10CE86821DFB070100DB6374 /* overwatchcompendium.app */ = {isa = PBXFileReference; explicitFileType = wrapper.application; includeInIndex = 0; path = overwatchcompendium.app; sourceTree = BUILT_PRODUCTS_DIR; };
		10CE86851DFB070100DB6374 /* AppDelegate.swift */ = {isa = PBXFileReference; lastKnownFileType = sourcecode.swift; path = AppDelegate.swift; sourceTree = "<group>"; };
		10CE868C1DFB070100DB6374 /* Assets.xcassets */ = {isa = PBXFileReference; lastKnownFileType = folder.assetcatalog; path = Assets.xcassets; sourceTree = "<group>"; };
		10CE868F1DFB070100DB6374 /* Base */ = {isa = PBXFileReference; lastKnownFileType = file.storyboard; name = Base; path = Base.lproj/LaunchScreen.storyboard; sourceTree = "<group>"; };
		10CE86911DFB070100DB6374 /* Info.plist */ = {isa = PBXFileReference; lastKnownFileType = text.plist.xml; path = Info.plist; sourceTree = "<group>"; };
		10CE869C1DFB2C0F00DB6374 /* bnt_oblique.ttf */ = {isa = PBXFileReference; lastKnownFileType = file; path = bnt_oblique.ttf; sourceTree = "<group>"; };
		10CE869D1DFB2C0F00DB6374 /* bnt.ttf */ = {isa = PBXFileReference; lastKnownFileType = file; path = bnt.ttf; sourceTree = "<group>"; };
		257752219083B29BA3762B30 /* Pods-overwatchcompendium.debug.xcconfig */ = {isa = PBXFileReference; includeInIndex = 1; lastKnownFileType = text.xcconfig; name = "Pods-overwatchcompendium.debug.xcconfig"; path = "Pods/Target Support Files/Pods-overwatchcompendium/Pods-overwatchcompendium.debug.xcconfig"; sourceTree = "<group>"; };
		2AAC6A17046383804FC359C4 /* Pods-overwatchcompendium.release.xcconfig */ = {isa = PBXFileReference; includeInIndex = 1; lastKnownFileType = text.xcconfig; name = "Pods-overwatchcompendium.release.xcconfig"; path = "Pods/Target Support Files/Pods-overwatchcompendium/Pods-overwatchcompendium.release.xcconfig"; sourceTree = "<group>"; };
		303568C61E268D6900170F48 /* NavigationVC.swift */ = {isa = PBXFileReference; fileEncoding = 4; lastKnownFileType = sourcecode.swift; path = NavigationVC.swift; sourceTree = "<group>"; };
		303568C81E27D9B700170F48 /* HeroesVC.swift */ = {isa = PBXFileReference; fileEncoding = 4; lastKnownFileType = sourcecode.swift; path = HeroesVC.swift; sourceTree = "<group>"; };
		303568CC1E27DD0B00170F48 /* HeroesCell.swift */ = {isa = PBXFileReference; fileEncoding = 4; lastKnownFileType = sourcecode.swift; path = HeroesCell.swift; sourceTree = "<group>"; };
		303568D41E29493300170F48 /* PlayerSearchVC.swift */ = {isa = PBXFileReference; fileEncoding = 4; lastKnownFileType = sourcecode.swift; path = PlayerSearchVC.swift; sourceTree = "<group>"; };
		303568D61E294D5400170F48 /* PlayerInfoVC.swift */ = {isa = PBXFileReference; fileEncoding = 4; lastKnownFileType = sourcecode.swift; path = PlayerInfoVC.swift; sourceTree = "<group>"; };
		303568DC1E2954B300170F48 /* PlayerModel.swift */ = {isa = PBXFileReference; fileEncoding = 4; lastKnownFileType = sourcecode.swift; path = PlayerModel.swift; sourceTree = "<group>"; };
		30B7D93F1E3117260019CAC3 /* UITableViewOutline.swift */ = {isa = PBXFileReference; fileEncoding = 4; lastKnownFileType = sourcecode.swift; path = UITableViewOutline.swift; sourceTree = "<group>"; };
		30F565A31E313C61007AD109 /* AchievementCell.swift */ = {isa = PBXFileReference; fileEncoding = 4; lastKnownFileType = sourcecode.swift; path = AchievementCell.swift; sourceTree = "<group>"; };
		7B3EB3AE1E3196FA0013657A /* ColorProgressView.swift */ = {isa = PBXFileReference; fileEncoding = 4; lastKnownFileType = sourcecode.swift; path = ColorProgressView.swift; sourceTree = "<group>"; };
		7B3EB3B01E31972C0013657A /* CustomLblTitle.swift */ = {isa = PBXFileReference; fileEncoding = 4; lastKnownFileType = sourcecode.swift; path = CustomLblTitle.swift; sourceTree = "<group>"; };
		7B3EB3B21E3197870013657A /* RoundedCorner.swift */ = {isa = PBXFileReference; fileEncoding = 4; lastKnownFileType = sourcecode.swift; path = RoundedCorner.swift; sourceTree = "<group>"; };
		7B3EB3B41E3199C70013657A /* UIViewRoundedEdge.swift */ = {isa = PBXFileReference; fileEncoding = 4; lastKnownFileType = sourcecode.swift; path = UIViewRoundedEdge.swift; sourceTree = "<group>"; };
		7B77D4931E2860D100C11594 /* HeroDetailVC.swift */ = {isa = PBXFileReference; fileEncoding = 4; lastKnownFileType = sourcecode.swift; path = HeroDetailVC.swift; sourceTree = "<group>"; };
		7B7BA0DD1E304F6B005779AB /* CheckConnectionVC.swift */ = {isa = PBXFileReference; fileEncoding = 4; lastKnownFileType = sourcecode.swift; path = CheckConnectionVC.swift; sourceTree = "<group>"; };
		7B7BA0DF1E30660F005779AB /* HeroTVCell.swift */ = {isa = PBXFileReference; fileEncoding = 4; lastKnownFileType = sourcecode.swift; path = HeroTVCell.swift; sourceTree = "<group>"; };
		95F940EC1E7B824300B93E19 /* Hero.storyboard */ = {isa = PBXFileReference; fileEncoding = 4; lastKnownFileType = file.storyboard; path = Hero.storyboard; sourceTree = "<group>"; };
		CD78001302387A3FF15C8AF2 /* Pods_overwatchcompendium.framework */ = {isa = PBXFileReference; explicitFileType = wrapper.framework; includeInIndex = 0; path = Pods_overwatchcompendium.framework; sourceTree = BUILT_PRODUCTS_DIR; };
/* End PBXFileReference section */

/* Begin PBXFrameworksBuildPhase section */
		10CE867F1DFB070100DB6374 /* Frameworks */ = {
			isa = PBXFrameworksBuildPhase;
			buildActionMask = 2147483647;
			files = (
				5BC36987D478BA96EE5775A8 /* Pods_overwatchcompendium.framework in Frameworks */,
			);
			runOnlyForDeploymentPostprocessing = 0;
		};
/* End PBXFrameworksBuildPhase section */

/* Begin PBXGroup section */
		10CE86791DFB070100DB6374 = {
			isa = PBXGroup;
			children = (
				10CE86841DFB070100DB6374 /* overwatchcompendium */,
				10CE86831DFB070100DB6374 /* Products */,
				16EA0D8C1D751A4A1A12BCE8 /* Pods */,
				189DA59CF5D5A1B763C704F5 /* Frameworks */,
			);
			sourceTree = "<group>";
		};
		10CE86831DFB070100DB6374 /* Products */ = {
			isa = PBXGroup;
			children = (
				10CE86821DFB070100DB6374 /* overwatchcompendium.app */,
			);
			name = Products;
			sourceTree = "<group>";
		};
		10CE86841DFB070100DB6374 /* overwatchcompendium */ = {
			isa = PBXGroup;
			children = (
				10CE869B1DFB2C0200DB6374 /* Utilities */,
				303568C21E268B1900170F48 /* Data */,
				303568C11E268B1200170F48 /* Model */,
				303568C01E268B0500170F48 /* View */,
				303568BF1E268AFB00170F48 /* Controller */,
				10CE86851DFB070100DB6374 /* AppDelegate.swift */,
				10CE86911DFB070100DB6374 /* Info.plist */,
				10CE868C1DFB070100DB6374 /* Assets.xcassets */,
				95F940EC1E7B824300B93E19 /* Hero.storyboard */,
				10CE868E1DFB070100DB6374 /* LaunchScreen.storyboard */,
			);
			path = overwatchcompendium;
			sourceTree = "<group>";
		};
		10CE869B1DFB2C0200DB6374 /* Utilities */ = {
			isa = PBXGroup;
			children = (
				10CE869C1DFB2C0F00DB6374 /* bnt_oblique.ttf */,
				10CE869D1DFB2C0F00DB6374 /* bnt.ttf */,
			);
			name = Utilities;
			sourceTree = "<group>";
		};
		16EA0D8C1D751A4A1A12BCE8 /* Pods */ = {
			isa = PBXGroup;
			children = (
				257752219083B29BA3762B30 /* Pods-overwatchcompendium.debug.xcconfig */,
				2AAC6A17046383804FC359C4 /* Pods-overwatchcompendium.release.xcconfig */,
			);
			name = Pods;
			sourceTree = "<group>";
		};
		189DA59CF5D5A1B763C704F5 /* Frameworks */ = {
			isa = PBXGroup;
			children = (
				CD78001302387A3FF15C8AF2 /* Pods_overwatchcompendium.framework */,
			);
			name = Frameworks;
			sourceTree = "<group>";
		};
		303568BF1E268AFB00170F48 /* Controller */ = {
			isa = PBXGroup;
			children = (
				7B7BA0DD1E304F6B005779AB /* CheckConnectionVC.swift */,
				303568C61E268D6900170F48 /* NavigationVC.swift */,
				303568D31E29491100170F48 /* Search */,
				303568D21E29490000170F48 /* Hero */,
			);
			name = Controller;
			sourceTree = "<group>";
		};
		303568C01E268B0500170F48 /* View */ = {
			isa = PBXGroup;
			children = (
				303568CB1E27DCF400170F48 /* UI */,
				303568CA1E27DCEA00170F48 /* CollectionCell */,
			);
			name = View;
			sourceTree = "<group>";
		};
		303568C11E268B1200170F48 /* Model */ = {
			isa = PBXGroup;
			children = (
				303568DC1E2954B300170F48 /* PlayerModel.swift */,
			);
			name = Model;
			sourceTree = "<group>";
		};
		303568C21E268B1900170F48 /* Data */ = {
			isa = PBXGroup;
			children = (
				106C9EE11DFDE9FB00F078C6 /* Constants.swift */,
				106C9EB91DFDB0D000F078C6 /* API.swift */,
			);
			name = Data;
			sourceTree = "<group>";
		};
		303568CA1E27DCEA00170F48 /* CollectionCell */ = {
			isa = PBXGroup;
			children = (
				303568CC1E27DD0B00170F48 /* HeroesCell.swift */,
				7B7BA0DF1E30660F005779AB /* HeroTVCell.swift */,
				30F565A31E313C61007AD109 /* AchievementCell.swift */,
			);
			name = CollectionCell;
			sourceTree = "<group>";
		};
		303568CB1E27DCF400170F48 /* UI */ = {
			isa = PBXGroup;
			children = (
				108ADD4E1E0999D4007C7878 /* UIViewOutline.swift */,
				108B1A521E0A56680011B43B /* UIImageRounded.swift */,
				30B7D93F1E3117260019CAC3 /* UITableViewOutline.swift */,
				7B3EB3AE1E3196FA0013657A /* ColorProgressView.swift */,
				7B3EB3B01E31972C0013657A /* CustomLblTitle.swift */,
				7B3EB3B21E3197870013657A /* RoundedCorner.swift */,
				7B3EB3B41E3199C70013657A /* UIViewRoundedEdge.swift */,
			);
			name = UI;
			sourceTree = "<group>";
		};
		303568D21E29490000170F48 /* Hero */ = {
			isa = PBXGroup;
			children = (
				303568C81E27D9B700170F48 /* HeroesVC.swift */,
				7B77D4931E2860D100C11594 /* HeroDetailVC.swift */,
			);
			name = Hero;
			sourceTree = "<group>";
		};
		303568D31E29491100170F48 /* Search */ = {
			isa = PBXGroup;
			children = (
				303568D41E29493300170F48 /* PlayerSearchVC.swift */,
				303568D61E294D5400170F48 /* PlayerInfoVC.swift */,
			);
			name = Search;
			sourceTree = "<group>";
		};
/* End PBXGroup section */

/* Begin PBXNativeTarget section */
		10CE86811DFB070100DB6374 /* overwatchcompendium */ = {
			isa = PBXNativeTarget;
			buildConfigurationList = 10CE86941DFB070100DB6374 /* Build configuration list for PBXNativeTarget "overwatchcompendium" */;
			buildPhases = (
				125696F153406AABD3B7403E /* [CP] Check Pods Manifest.lock */,
				10CE867E1DFB070100DB6374 /* Sources */,
				10CE867F1DFB070100DB6374 /* Frameworks */,
				10CE86801DFB070100DB6374 /* Resources */,
				AE5B0283C65CC5BA79AA41A7 /* [CP] Embed Pods Frameworks */,
				A2CAF72E8443EC9A7A6E2BFE /* [CP] Copy Pods Resources */,
			);
			buildRules = (
			);
			dependencies = (
			);
			name = overwatchcompendium;
			productName = overwatchcompendium;
			productReference = 10CE86821DFB070100DB6374 /* overwatchcompendium.app */;
			productType = "com.apple.product-type.application";
		};
/* End PBXNativeTarget section */

/* Begin PBXProject section */
		10CE867A1DFB070100DB6374 /* Project object */ = {
			isa = PBXProject;
			attributes = {
				LastSwiftUpdateCheck = 0810;
				LastUpgradeCheck = 1010;
				ORGANIZATIONNAME = "Wellison Pereira";
				TargetAttributes = {
					10CE86811DFB070100DB6374 = {
						CreatedOnToolsVersion = 8.1;
						ProvisioningStyle = Automatic;
					};
				};
			};
			buildConfigurationList = 10CE867D1DFB070100DB6374 /* Build configuration list for PBXProject "overwatchcompendium" */;
			compatibilityVersion = "Xcode 3.2";
			developmentRegion = English;
			hasScannedForEncodings = 0;
			knownRegions = (
				en,
				Base,
			);
			mainGroup = 10CE86791DFB070100DB6374;
			productRefGroup = 10CE86831DFB070100DB6374 /* Products */;
			projectDirPath = "";
			projectRoot = "";
			targets = (
				10CE86811DFB070100DB6374 /* overwatchcompendium */,
			);
		};
/* End PBXProject section */

/* Begin PBXResourcesBuildPhase section */
		10CE86801DFB070100DB6374 /* Resources */ = {
			isa = PBXResourcesBuildPhase;
			buildActionMask = 2147483647;
			files = (
				10CE86901DFB070100DB6374 /* LaunchScreen.storyboard in Resources */,
				10CE869F1DFB2C0F00DB6374 /* bnt.ttf in Resources */,
				95F940ED1E7B824300B93E19 /* Hero.storyboard in Resources */,
				10CE868D1DFB070100DB6374 /* Assets.xcassets in Resources */,
				10CE869E1DFB2C0F00DB6374 /* bnt_oblique.ttf in Resources */,
			);
			runOnlyForDeploymentPostprocessing = 0;
		};
/* End PBXResourcesBuildPhase section */

/* Begin PBXShellScriptBuildPhase section */
		125696F153406AABD3B7403E /* [CP] Check Pods Manifest.lock */ = {
			isa = PBXShellScriptBuildPhase;
			buildActionMask = 2147483647;
			files = (
			);
			inputPaths = (
			);
			name = "[CP] Check Pods Manifest.lock";
			outputPaths = (
			);
			runOnlyForDeploymentPostprocessing = 0;
			shellPath = /bin/sh;
			shellScript = "diff \"${PODS_ROOT}/../Podfile.lock\" \"${PODS_ROOT}/Manifest.lock\" > /dev/null\nif [ $? != 0 ] ; then\n    # print error to STDERR\n    echo \"error: The sandbox is not in sync with the Podfile.lock. Run 'pod install' or update your CocoaPods installation.\" >&2\n    exit 1\nfi\n";
			showEnvVarsInLog = 0;
		};
		A2CAF72E8443EC9A7A6E2BFE /* [CP] Copy Pods Resources */ = {
			isa = PBXShellScriptBuildPhase;
			buildActionMask = 2147483647;
			files = (
			);
			inputPaths = (
			);
			name = "[CP] Copy Pods Resources";
			outputPaths = (
			);
			runOnlyForDeploymentPostprocessing = 0;
			shellPath = /bin/sh;
			shellScript = "\"${SRCROOT}/Pods/Target Support Files/Pods-overwatchcompendium/Pods-overwatchcompendium-resources.sh\"\n";
			showEnvVarsInLog = 0;
		};
		AE5B0283C65CC5BA79AA41A7 /* [CP] Embed Pods Frameworks */ = {
			isa = PBXShellScriptBuildPhase;
			buildActionMask = 2147483647;
			files = (
			);
			inputPaths = (
			);
			name = "[CP] Embed Pods Frameworks";
			outputPaths = (
			);
			runOnlyForDeploymentPostprocessing = 0;
			shellPath = /bin/sh;
			shellScript = "\"${SRCROOT}/Pods/Target Support Files/Pods-overwatchcompendium/Pods-overwatchcompendium-frameworks.sh\"\n";
			showEnvVarsInLog = 0;
		};
/* End PBXShellScriptBuildPhase section */

/* Begin PBXSourcesBuildPhase section */
		10CE867E1DFB070100DB6374 /* Sources */ = {
			isa = PBXSourcesBuildPhase;
			buildActionMask = 2147483647;
			files = (
				303568CD1E27DD0B00170F48 /* HeroesCell.swift in Sources */,
				7B3EB3AF1E3196FA0013657A /* ColorProgressView.swift in Sources */,
				303568C71E268D6900170F48 /* NavigationVC.swift in Sources */,
				108B1A531E0A56680011B43B /* UIImageRounded.swift in Sources */,
				106C9EBA1DFDB0D000F078C6 /* API.swift in Sources */,
				108ADD4F1E0999D4007C7878 /* UIViewOutline.swift in Sources */,
				30B7D9401E3117260019CAC3 /* UITableViewOutline.swift in Sources */,
				303568D51E29493300170F48 /* PlayerSearchVC.swift in Sources */,
				7B7BA0E01E30660F005779AB /* HeroTVCell.swift in Sources */,
				7B3EB3B51E3199C70013657A /* UIViewRoundedEdge.swift in Sources */,
				303568C91E27D9B700170F48 /* HeroesVC.swift in Sources */,
				7B3EB3B11E31972C0013657A /* CustomLblTitle.swift in Sources */,
				10CE86861DFB070100DB6374 /* AppDelegate.swift in Sources */,
				7B77D4941E2860D100C11594 /* HeroDetailVC.swift in Sources */,
				30F565A41E313C61007AD109 /* AchievementCell.swift in Sources */,
				7B7BA0DE1E304F6B005779AB /* CheckConnectionVC.swift in Sources */,
				106C9EE21DFDE9FB00F078C6 /* Constants.swift in Sources */,
				303568D71E294D5400170F48 /* PlayerInfoVC.swift in Sources */,
				7B3EB3B31E3197870013657A /* RoundedCorner.swift in Sources */,
				303568DD1E2954B300170F48 /* PlayerModel.swift in Sources */,
			);
			runOnlyForDeploymentPostprocessing = 0;
		};
/* End PBXSourcesBuildPhase section */

/* Begin PBXVariantGroup section */
		10CE868E1DFB070100DB6374 /* LaunchScreen.storyboard */ = {
			isa = PBXVariantGroup;
			children = (
				10CE868F1DFB070100DB6374 /* Base */,
			);
			name = LaunchScreen.storyboard;
			sourceTree = "<group>";
		};
/* End PBXVariantGroup section */

/* Begin XCBuildConfiguration section */
		10CE86921DFB070100DB6374 /* Debug */ = {
			isa = XCBuildConfiguration;
			buildSettings = {
				ALWAYS_SEARCH_USER_PATHS = NO;
				CLANG_ANALYZER_NONNULL = YES;
				CLANG_CXX_LANGUAGE_STANDARD = "gnu++0x";
				CLANG_CXX_LIBRARY = "libc++";
				CLANG_ENABLE_MODULES = YES;
				CLANG_ENABLE_OBJC_ARC = YES;
				CLANG_WARN_BLOCK_CAPTURE_AUTORELEASING = YES;
				CLANG_WARN_BOOL_CONVERSION = YES;
				CLANG_WARN_COMMA = YES;
				CLANG_WARN_CONSTANT_CONVERSION = YES;
				CLANG_WARN_DEPRECATED_OBJC_IMPLEMENTATIONS = YES;
				CLANG_WARN_DIRECT_OBJC_ISA_USAGE = YES_ERROR;
				CLANG_WARN_DOCUMENTATION_COMMENTS = YES;
				CLANG_WARN_EMPTY_BODY = YES;
				CLANG_WARN_ENUM_CONVERSION = YES;
				CLANG_WARN_INFINITE_RECURSION = YES;
				CLANG_WARN_INT_CONVERSION = YES;
				CLANG_WARN_NON_LITERAL_NULL_CONVERSION = YES;
				CLANG_WARN_OBJC_IMPLICIT_RETAIN_SELF = YES;
				CLANG_WARN_OBJC_LITERAL_CONVERSION = YES;
				CLANG_WARN_OBJC_ROOT_CLASS = YES_ERROR;
				CLANG_WARN_RANGE_LOOP_ANALYSIS = YES;
				CLANG_WARN_STRICT_PROTOTYPES = YES;
				CLANG_WARN_SUSPICIOUS_MOVE = YES;
				CLANG_WARN_SUSPICIOUS_MOVES = YES;
				CLANG_WARN_UNREACHABLE_CODE = YES;
				CLANG_WARN__DUPLICATE_METHOD_MATCH = YES;
				"CODE_SIGN_IDENTITY[sdk=iphoneos*]" = "iPhone Developer";
				COPY_PHASE_STRIP = NO;
				DEBUG_INFORMATION_FORMAT = dwarf;
				ENABLE_STRICT_OBJC_MSGSEND = YES;
				ENABLE_TESTABILITY = YES;
				GCC_C_LANGUAGE_STANDARD = gnu99;
				GCC_DYNAMIC_NO_PIC = NO;
				GCC_NO_COMMON_BLOCKS = YES;
				GCC_OPTIMIZATION_LEVEL = 0;
				GCC_PREPROCESSOR_DEFINITIONS = (
					"DEBUG=1",
					"$(inherited)",
				);
				GCC_WARN_64_TO_32_BIT_CONVERSION = YES;
				GCC_WARN_ABOUT_RETURN_TYPE = YES_ERROR;
				GCC_WARN_UNDECLARED_SELECTOR = YES;
				GCC_WARN_UNINITIALIZED_AUTOS = YES_AGGRESSIVE;
				GCC_WARN_UNUSED_FUNCTION = YES;
				GCC_WARN_UNUSED_VARIABLE = YES;
				IPHONEOS_DEPLOYMENT_TARGET = 10.0;
				MTL_ENABLE_DEBUG_INFO = YES;
				ONLY_ACTIVE_ARCH = YES;
				SDKROOT = iphoneos;
				SWIFT_ACTIVE_COMPILATION_CONDITIONS = DEBUG;
				SWIFT_OPTIMIZATION_LEVEL = "-Onone";
			};
			name = Debug;
		};
		10CE86931DFB070100DB6374 /* Release */ = {
			isa = XCBuildConfiguration;
			buildSettings = {
				ALWAYS_SEARCH_USER_PATHS = NO;
				CLANG_ANALYZER_NONNULL = YES;
				CLANG_CXX_LANGUAGE_STANDARD = "gnu++0x";
				CLANG_CXX_LIBRARY = "libc++";
				CLANG_ENABLE_MODULES = YES;
				CLANG_ENABLE_OBJC_ARC = YES;
				CLANG_WARN_BLOCK_CAPTURE_AUTORELEASING = YES;
				CLANG_WARN_BOOL_CONVERSION = YES;
				CLANG_WARN_COMMA = YES;
				CLANG_WARN_CONSTANT_CONVERSION = YES;
				CLANG_WARN_DEPRECATED_OBJC_IMPLEMENTATIONS = YES;
				CLANG_WARN_DIRECT_OBJC_ISA_USAGE = YES_ERROR;
				CLANG_WARN_DOCUMENTATION_COMMENTS = YES;
				CLANG_WARN_EMPTY_BODY = YES;
				CLANG_WARN_ENUM_CONVERSION = YES;
				CLANG_WARN_INFINITE_RECURSION = YES;
				CLANG_WARN_INT_CONVERSION = YES;
				CLANG_WARN_NON_LITERAL_NULL_CONVERSION = YES;
				CLANG_WARN_OBJC_IMPLICIT_RETAIN_SELF = YES;
				CLANG_WARN_OBJC_LITERAL_CONVERSION = YES;
				CLANG_WARN_OBJC_ROOT_CLASS = YES_ERROR;
				CLANG_WARN_RANGE_LOOP_ANALYSIS = YES;
				CLANG_WARN_STRICT_PROTOTYPES = YES;
				CLANG_WARN_SUSPICIOUS_MOVE = YES;
				CLANG_WARN_SUSPICIOUS_MOVES = YES;
				CLANG_WARN_UNREACHABLE_CODE = YES;
				CLANG_WARN__DUPLICATE_METHOD_MATCH = YES;
				"CODE_SIGN_IDENTITY[sdk=iphoneos*]" = "iPhone Developer";
				COPY_PHASE_STRIP = NO;
				DEBUG_INFORMATION_FORMAT = "dwarf-with-dsym";
				ENABLE_NS_ASSERTIONS = NO;
				ENABLE_STRICT_OBJC_MSGSEND = YES;
				GCC_C_LANGUAGE_STANDARD = gnu99;
				GCC_NO_COMMON_BLOCKS = YES;
				GCC_WARN_64_TO_32_BIT_CONVERSION = YES;
				GCC_WARN_ABOUT_RETURN_TYPE = YES_ERROR;
				GCC_WARN_UNDECLARED_SELECTOR = YES;
				GCC_WARN_UNINITIALIZED_AUTOS = YES_AGGRESSIVE;
				GCC_WARN_UNUSED_FUNCTION = YES;
				GCC_WARN_UNUSED_VARIABLE = YES;
				IPHONEOS_DEPLOYMENT_TARGET = 10.0;
				MTL_ENABLE_DEBUG_INFO = NO;
				SDKROOT = iphoneos;
				SWIFT_OPTIMIZATION_LEVEL = "-Owholemodule";
				VALIDATE_PRODUCT = YES;
			};
			name = Release;
		};
		10CE86951DFB070100DB6374 /* Debug */ = {
			isa = XCBuildConfiguration;
			baseConfigurationReference = 257752219083B29BA3762B30 /* Pods-overwatchcompendium.debug.xcconfig */;
			buildSettings = {
				ALWAYS_EMBED_SWIFT_STANDARD_LIBRARIES = YES;
				ASSETCATALOG_COMPILER_APPICON_NAME = AppIcon;
				DEVELOPMENT_TEAM = "";
				INFOPLIST_FILE = overwatchcompendium/Info.plist;
				IPHONEOS_DEPLOYMENT_TARGET = 12.0;
				LD_RUNPATH_SEARCH_PATHS = "$(inherited) @executable_path/Frameworks";
				PRODUCT_BUNDLE_IDENTIFIER = com.toracross.overwatchcompendium;
				PRODUCT_NAME = "$(TARGET_NAME)";
				SWIFT_VERSION = 4.2;
				TARGETED_DEVICE_FAMILY = 1;
			};
			name = Debug;
		};
		10CE86961DFB070100DB6374 /* Release */ = {
			isa = XCBuildConfiguration;
			baseConfigurationReference = 2AAC6A17046383804FC359C4 /* Pods-overwatchcompendium.release.xcconfig */;
			buildSettings = {
				ALWAYS_EMBED_SWIFT_STANDARD_LIBRARIES = YES;
				ASSETCATALOG_COMPILER_APPICON_NAME = AppIcon;
				DEVELOPMENT_TEAM = "";
				INFOPLIST_FILE = overwatchcompendium/Info.plist;
				IPHONEOS_DEPLOYMENT_TARGET = 12.0;
				LD_RUNPATH_SEARCH_PATHS = "$(inherited) @executable_path/Frameworks";
				PRODUCT_BUNDLE_IDENTIFIER = com.toracross.overwatchcompendium;
				PRODUCT_NAME = "$(TARGET_NAME)";
				SWIFT_VERSION = 4.2;
				TARGETED_DEVICE_FAMILY = 1;
			};
			name = Release;
		};
/* End XCBuildConfiguration section */

/* Begin XCConfigurationList section */
		10CE867D1DFB070100DB6374 /* Build configuration list for PBXProject "overwatchcompendium" */ = {
			isa = XCConfigurationList;
			buildConfigurations = (
				10CE86921DFB070100DB6374 /* Debug */,
				10CE86931DFB070100DB6374 /* Release */,
			);
			defaultConfigurationIsVisible = 0;
			defaultConfigurationName = Release;
		};
		10CE86941DFB070100DB6374 /* Build configuration list for PBXNativeTarget "overwatchcompendium" */ = {
			isa = XCConfigurationList;
			buildConfigurations = (
				10CE86951DFB070100DB6374 /* Debug */,
				10CE86961DFB070100DB6374 /* Release */,
			);
			defaultConfigurationIsVisible = 0;
			defaultConfigurationName = Release;
		};
/* End XCConfigurationList section */
	};
	rootObject = 10CE867A1DFB070100DB6374 /* Project object */;
}
